{
  "name": "stash-image-slideshow",
  "version": "0.4.0",
  "lockfileVersion": 3,
  "requires": true,
  "packages": {
    "": {
      "name": "stash-image-slideshow",
      "version": "0.4.0",
      "dependencies": {
        "wavesurfer.js": "7.12.11"
      }
    },
    "node_modules/wavesurfer.js": {
      "version": "7.12.11",
      "resolved": "https://registry.npmjs.org/wavesurfer.js/-/wavesurfer.js-7.12.11.tgz",
      "integrity": "sha512-Sx0yZIz7jRJ9J9p7UL+pl9y0UQBB6UN/XNo+R7Gy4tCR5xZI9jMyA0dnt1R8TMVSQ4LZ10SeB2HJYQ+dV2dPSA==",
      "license": "BSD-3-Clause"
    }
  }
}
